
Microsoft Visual Studio Solution File, Format Version 12.00
# Visual Studio Version 16
VisualStudioVersion = 16.0.31829.152
MinimumVisualStudioVersion = 10.0.40219.1
Project("{8BC9CEB8-8B4A-11D0-8D11-00A0C91BC942}") = "opengl_app", "opengl_app\opengl_app.vcxproj", "{EE5D7CEC-D23C-4935-9FD3-346CA8CD78A3}"
EndProject
Global
	GlobalSection(SolutionConfigurationPlatforms) = preSolution
		Debug|x64 = Debug|x64
		Debug|x86 = Debug|x86
		Release|x64 = Release|x64
		Release|x86 = Release|x86
	EndGlobalSection
	GlobalSection(ProjectConfigurationPlatforms) = postSolution
		{EE5D7CEC-D23C-4935-9FD3-346CA8CD78A3}.Debug|x64.ActiveCfg = Debug|x64
		{EE5D7CEC-D23C-4935-9FD3-346CA8CD78A3}.Debug|x64.Build.0 = Debug|x64
		{EE5D7CEC-D23C-4935-9FD3-346CA8CD78A3}.Debug|x86.ActiveCfg = Debug|Win32
		{EE5D7CEC-D23C-4935-9FD3-346CA8CD78A3}.Debug|x86.Build.0 = Debug|Win32
		{EE5D7CEC-D23C-4935-9FD3-346CA8CD78A3}.Release|x64.ActiveCfg = Release|x64
		{EE5D7CEC-D23C-4935-9FD3-346CA8CD78A3}.Release|x64.Build.0 = Release|x64
		{EE5D7CEC-D23C-4935-9FD3-346CA8CD78A3}.Release|x86.ActiveCfg = Release|Win32
		{EE5D7CEC-D23C-4935-9FD3-346CA8CD78A3}.Release|x86.Build.0 = Release|Win32
	EndGlobalSection
	GlobalSection(SolutionProperties) = preSolution
		HideSolutionNode = FALSE
	EndGlobalSection
	GlobalSection(ExtensibilityGlobals) = postSolution
		SolutionGuid = {0F624B51-4569-433F-A9F5-A54BF0259829}
	EndGlobalSection
EndGlobal
